
Microsoft Visual Studio Solution File, Format Version 12.00
# Visual Studio Version 16
VisualStudioVersion = 16.0.30611.23
MinimumVisualStudioVersion = 10.0.40219.1
Project("{FAE04EC0-301F-11D3-BF4B-00C04F79EFBC}") = "PCE_Web", "PCE_Web\PCE_Web.csproj", "{C0BBC977-7229-4BC4-BAD1-9D2F38AB2CD0}"
EndProject
Global
	GlobalSection(SolutionConfigurationPlatforms) = preSolution
		Debug|Any CPU = Debug|Any CPU
		Release|Any CPU = Release|Any CPU
	EndGlobalSection
	GlobalSection(ProjectConfigurationPlatforms) = postSolution
		{C0BBC977-7229-4BC4-BAD1-9D2F38AB2CD0}.Debug|Any CPU.ActiveCfg = Debug|Any CPU
		{C0BBC977-7229-4BC4-BAD1-9D2F38AB2CD0}.Debug|Any CPU.Build.0 = Debug|Any CPU
		{C0BBC977-7229-4BC4-BAD1-9D2F38AB2CD0}.Release|Any CPU.ActiveCfg = Release|Any CPU
		{C0BBC977-7229-4BC4-BAD1-9D2F38AB2CD0}.Release|Any CPU.Build.0 = Release|Any CPU
	EndGlobalSection
	GlobalSection(SolutionProperties) = preSolution
		HideSolutionNode = FALSE
	EndGlobalSection
	GlobalSection(ExtensibilityGlobals) = postSolution
		SolutionGuid = {F7362F59-17AA-4829-916F-E914AAF3F876}
	EndGlobalSection
EndGlobal
